<?xml version="1.0" encoding="Windows-1252"?>
<Project ToolsVersion="12.0" xmlns="http://schemas.microsoft.com/developer/msbuild/2003">
  <ItemGroup>
    <CustomBuild Include="D:\Projects\GitHub\snowball\CMakeLists.txt" />
    <CustomBuild Include="D:\Projects\GitHub\snowball\vs2013\CMakeFiles\ea552feac2cd9f9c8b140f7d0b3918b7\modules.h.rule">
      <Filter>CMake Rules</Filter>
    </CustomBuild>
    <CustomBuild Include="D:\Projects\GitHub\snowball\vs2013\CMakeFiles\9af69f08255067760422aabaa4e73d7b\modules.rule">
      <Filter>CMake Rules</Filter>
    </CustomBuild>
  </ItemGroup>
  <ItemGroup>
    <None Include="D:\Projects\GitHub\snowball\vs2013\CMakeFiles\modules" />
  </ItemGroup>
  <ItemGroup>
    <Filter Include="CMake Rules">
      <UniqueIdentifier>{5097AD2C-2E60-4BF6-A735-7223AE76709A}</UniqueIdentifier>
    </Filter>
  </ItemGroup>
</Project>
