Microsoft Visual Studio Solution File, Format Version 12.00
# Visual Studio 2013
Project("{8BC9CEB8-8B4A-11D0-8D11-00A0C91BC942}") = "ALL_BUILD", "ALL_BUILD.vcxproj", "{AECF8EE8-BF2D-4ECC-992B-CC276FD99B8D}"
	ProjectSection(ProjectDependencies) = postProject
		{091A04B0-9F34-4D06-B3CC-24FD551EDECF} = {091A04B0-9F34-4D06-B3CC-24FD551EDECF}
		{346880E6-373A-422D-8133-1211EA89605F} = {346880E6-373A-422D-8133-1211EA89605F}
		{AB735167-4D95-42A3-867E-5FBDC3C1E128} = {AB735167-4D95-42A3-867E-5FBDC3C1E128}
		{3770D6D3-F0A8-4C87-BD6F-B8E1B73C88B8} = {3770D6D3-F0A8-4C87-BD6F-B8E1B73C88B8}
		{E9A2EB7F-0EB4-4D1C-807C-77B19379EAE1} = {E9A2EB7F-0EB4-4D1C-807C-77B19379EAE1}
	EndProjectSection
EndProject
Project("{8BC9CEB8-8B4A-11D0-8D11-00A0C91BC942}") = "ZERO_CHECK", "ZERO_CHECK.vcxproj", "{091A04B0-9F34-4D06-B3CC-24FD551EDECF}"
	ProjectSection(ProjectDependencies) = postProject
	EndProjectSection
EndProject
Project("{8BC9CEB8-8B4A-11D0-8D11-00A0C91BC942}") = "modules", "modules.vcxproj", "{7BBDBFC7-224C-4139-A5A4-B53475D8B82A}"
	ProjectSection(ProjectDependencies) = postProject
		{091A04B0-9F34-4D06-B3CC-24FD551EDECF} = {091A04B0-9F34-4D06-B3CC-24FD551EDECF}
	EndProjectSection
EndProject
Project("{8BC9CEB8-8B4A-11D0-8D11-00A0C91BC942}") = "snowball", "snowball.vcxproj", "{346880E6-373A-422D-8133-1211EA89605F}"
	ProjectSection(ProjectDependencies) = postProject
		{091A04B0-9F34-4D06-B3CC-24FD551EDECF} = {091A04B0-9F34-4D06-B3CC-24FD551EDECF}
	EndProjectSection
EndProject
Project("{8BC9CEB8-8B4A-11D0-8D11-00A0C91BC942}") = "stemmer", "stemmer.vcxproj", "{AB735167-4D95-42A3-867E-5FBDC3C1E128}"
	ProjectSection(ProjectDependencies) = postProject
		{091A04B0-9F34-4D06-B3CC-24FD551EDECF} = {091A04B0-9F34-4D06-B3CC-24FD551EDECF}
		{346880E6-373A-422D-8133-1211EA89605F} = {346880E6-373A-422D-8133-1211EA89605F}
		{3770D6D3-F0A8-4C87-BD6F-B8E1B73C88B8} = {3770D6D3-F0A8-4C87-BD6F-B8E1B73C88B8}
	EndProjectSection
EndProject
Project("{8BC9CEB8-8B4A-11D0-8D11-00A0C91BC942}") = "stemmer_deps", "stemmer_deps.vcxproj", "{3770D6D3-F0A8-4C87-BD6F-B8E1B73C88B8}"
	ProjectSection(ProjectDependencies) = postProject
		{091A04B0-9F34-4D06-B3CC-24FD551EDECF} = {091A04B0-9F34-4D06-B3CC-24FD551EDECF}
		{7BBDBFC7-224C-4139-A5A4-B53475D8B82A} = {7BBDBFC7-224C-4139-A5A4-B53475D8B82A}
	EndProjectSection
EndProject
Project("{8BC9CEB8-8B4A-11D0-8D11-00A0C91BC942}") = "stemwords", "stemwords.vcxproj", "{E9A2EB7F-0EB4-4D1C-807C-77B19379EAE1}"
	ProjectSection(ProjectDependencies) = postProject
		{091A04B0-9F34-4D06-B3CC-24FD551EDECF} = {091A04B0-9F34-4D06-B3CC-24FD551EDECF}
		{AB735167-4D95-42A3-867E-5FBDC3C1E128} = {AB735167-4D95-42A3-867E-5FBDC3C1E128}
	EndProjectSection
EndProject
Global
	GlobalSection(SolutionConfigurationPlatforms) = preSolution
		Debug|Win32 = Debug|Win32
		Release|Win32 = Release|Win32
		MinSizeRel|Win32 = MinSizeRel|Win32
		RelWithDebInfo|Win32 = RelWithDebInfo|Win32
	EndGlobalSection
	GlobalSection(ProjectConfigurationPlatforms) = postSolution
		{AECF8EE8-BF2D-4ECC-992B-CC276FD99B8D}.Debug|Win32.ActiveCfg = Debug|Win32
		{AECF8EE8-BF2D-4ECC-992B-CC276FD99B8D}.Release|Win32.ActiveCfg = Release|Win32
		{AECF8EE8-BF2D-4ECC-992B-CC276FD99B8D}.MinSizeRel|Win32.ActiveCfg = MinSizeRel|Win32
		{AECF8EE8-BF2D-4ECC-992B-CC276FD99B8D}.RelWithDebInfo|Win32.ActiveCfg = RelWithDebInfo|Win32
		{091A04B0-9F34-4D06-B3CC-24FD551EDECF}.Debug|Win32.ActiveCfg = Debug|Win32
		{091A04B0-9F34-4D06-B3CC-24FD551EDECF}.Debug|Win32.Build.0 = Debug|Win32
		{091A04B0-9F34-4D06-B3CC-24FD551EDECF}.Release|Win32.ActiveCfg = Release|Win32
		{091A04B0-9F34-4D06-B3CC-24FD551EDECF}.Release|Win32.Build.0 = Release|Win32
		{091A04B0-9F34-4D06-B3CC-24FD551EDECF}.MinSizeRel|Win32.ActiveCfg = MinSizeRel|Win32
		{091A04B0-9F34-4D06-B3CC-24FD551EDECF}.MinSizeRel|Win32.Build.0 = MinSizeRel|Win32
		{091A04B0-9F34-4D06-B3CC-24FD551EDECF}.RelWithDebInfo|Win32.ActiveCfg = RelWithDebInfo|Win32
		{091A04B0-9F34-4D06-B3CC-24FD551EDECF}.RelWithDebInfo|Win32.Build.0 = RelWithDebInfo|Win32
		{7BBDBFC7-224C-4139-A5A4-B53475D8B82A}.Debug|Win32.ActiveCfg = Debug|Win32
		{7BBDBFC7-224C-4139-A5A4-B53475D8B82A}.Debug|Win32.Build.0 = Debug|Win32
		{7BBDBFC7-224C-4139-A5A4-B53475D8B82A}.Release|Win32.ActiveCfg = Release|Win32
		{7BBDBFC7-224C-4139-A5A4-B53475D8B82A}.Release|Win32.Build.0 = Release|Win32
		{7BBDBFC7-224C-4139-A5A4-B53475D8B82A}.MinSizeRel|Win32.ActiveCfg = MinSizeRel|Win32
		{7BBDBFC7-224C-4139-A5A4-B53475D8B82A}.MinSizeRel|Win32.Build.0 = MinSizeRel|Win32
		{7BBDBFC7-224C-4139-A5A4-B53475D8B82A}.RelWithDebInfo|Win32.ActiveCfg = RelWithDebInfo|Win32
		{7BBDBFC7-224C-4139-A5A4-B53475D8B82A}.RelWithDebInfo|Win32.Build.0 = RelWithDebInfo|Win32
		{346880E6-373A-422D-8133-1211EA89605F}.Debug|Win32.ActiveCfg = Debug|Win32
		{346880E6-373A-422D-8133-1211EA89605F}.Debug|Win32.Build.0 = Debug|Win32
		{346880E6-373A-422D-8133-1211EA89605F}.Release|Win32.ActiveCfg = Release|Win32
		{346880E6-373A-422D-8133-1211EA89605F}.Release|Win32.Build.0 = Release|Win32
		{346880E6-373A-422D-8133-1211EA89605F}.MinSizeRel|Win32.ActiveCfg = MinSizeRel|Win32
		{346880E6-373A-422D-8133-1211EA89605F}.MinSizeRel|Win32.Build.0 = MinSizeRel|Win32
		{346880E6-373A-422D-8133-1211EA89605F}.RelWithDebInfo|Win32.ActiveCfg = RelWithDebInfo|Win32
		{346880E6-373A-422D-8133-1211EA89605F}.RelWithDebInfo|Win32.Build.0 = RelWithDebInfo|Win32
		{AB735167-4D95-42A3-867E-5FBDC3C1E128}.Debug|Win32.ActiveCfg = Debug|Win32
		{AB735167-4D95-42A3-867E-5FBDC3C1E128}.Debug|Win32.Build.0 = Debug|Win32
		{AB735167-4D95-42A3-867E-5FBDC3C1E128}.Release|Win32.ActiveCfg = Release|Win32
		{AB735167-4D95-42A3-867E-5FBDC3C1E128}.Release|Win32.Build.0 = Release|Win32
		{AB735167-4D95-42A3-867E-5FBDC3C1E128}.MinSizeRel|Win32.ActiveCfg = MinSizeRel|Win32
		{AB735167-4D95-42A3-867E-5FBDC3C1E128}.MinSizeRel|Win32.Build.0 = MinSizeRel|Win32
		{AB735167-4D95-42A3-867E-5FBDC3C1E128}.RelWithDebInfo|Win32.ActiveCfg = RelWithDebInfo|Win32
		{AB735167-4D95-42A3-867E-5FBDC3C1E128}.RelWithDebInfo|Win32.Build.0 = RelWithDebInfo|Win32
		{3770D6D3-F0A8-4C87-BD6F-B8E1B73C88B8}.Debug|Win32.ActiveCfg = Debug|Win32
		{3770D6D3-F0A8-4C87-BD6F-B8E1B73C88B8}.Debug|Win32.Build.0 = Debug|Win32
		{3770D6D3-F0A8-4C87-BD6F-B8E1B73C88B8}.Release|Win32.ActiveCfg = Release|Win32
		{3770D6D3-F0A8-4C87-BD6F-B8E1B73C88B8}.Release|Win32.Build.0 = Release|Win32
		{3770D6D3-F0A8-4C87-BD6F-B8E1B73C88B8}.MinSizeRel|Win32.ActiveCfg = MinSizeRel|Win32
		{3770D6D3-F0A8-4C87-BD6F-B8E1B73C88B8}.MinSizeRel|Win32.Build.0 = MinSizeRel|Win32
		{3770D6D3-F0A8-4C87-BD6F-B8E1B73C88B8}.RelWithDebInfo|Win32.ActiveCfg = RelWithDebInfo|Win32
		{3770D6D3-F0A8-4C87-BD6F-B8E1B73C88B8}.RelWithDebInfo|Win32.Build.0 = RelWithDebInfo|Win32
		{E9A2EB7F-0EB4-4D1C-807C-77B19379EAE1}.Debug|Win32.ActiveCfg = Debug|Win32
		{E9A2EB7F-0EB4-4D1C-807C-77B19379EAE1}.Debug|Win32.Build.0 = Debug|Win32
		{E9A2EB7F-0EB4-4D1C-807C-77B19379EAE1}.Release|Win32.ActiveCfg = Release|Win32
		{E9A2EB7F-0EB4-4D1C-807C-77B19379EAE1}.Release|Win32.Build.0 = Release|Win32
		{E9A2EB7F-0EB4-4D1C-807C-77B19379EAE1}.MinSizeRel|Win32.ActiveCfg = MinSizeRel|Win32
		{E9A2EB7F-0EB4-4D1C-807C-77B19379EAE1}.MinSizeRel|Win32.Build.0 = MinSizeRel|Win32
		{E9A2EB7F-0EB4-4D1C-807C-77B19379EAE1}.RelWithDebInfo|Win32.ActiveCfg = RelWithDebInfo|Win32
		{E9A2EB7F-0EB4-4D1C-807C-77B19379EAE1}.RelWithDebInfo|Win32.Build.0 = RelWithDebInfo|Win32
	EndGlobalSection
	GlobalSection(ExtensibilityGlobals) = postSolution
	EndGlobalSection
	GlobalSection(ExtensibilityAddIns) = postSolution
	EndGlobalSection
EndGlobal
