<?xml version="1.0" encoding="Windows-1252"?>
<Project ToolsVersion="12.0" xmlns="http://schemas.microsoft.com/developer/msbuild/2003">
  <ItemGroup>
    <ClCompile Include="D:\Projects\GitHub\snowball\compiler\space.c">
      <Filter>Source Files</Filter>
    </ClCompile>
    <ClCompile Include="D:\Projects\GitHub\snowball\compiler\tokeniser.c">
      <Filter>Source Files</Filter>
    </ClCompile>
    <ClCompile Include="D:\Projects\GitHub\snowball\compiler\analyser.c">
      <Filter>Source Files</Filter>
    </ClCompile>
    <ClCompile Include="D:\Projects\GitHub\snowball\compiler\generator.c">
      <Filter>Source Files</Filter>
    </ClCompile>
    <ClCompile Include="D:\Projects\GitHub\snowball\compiler\driver.c">
      <Filter>Source Files</Filter>
    </ClCompile>
    <ClCompile Include="D:\Projects\GitHub\snowball\compiler\generator_java.c">
      <Filter>Source Files</Filter>
    </ClCompile>
  </ItemGroup>
  <ItemGroup>
    <CustomBuild Include="D:\Projects\GitHub\snowball\CMakeLists.txt" />
  </ItemGroup>
  <ItemGroup>
    <Filter Include="Source Files">
      <UniqueIdentifier>{A50A4C52-8F9F-4097-8B98-F83014030A1D}</UniqueIdentifier>
    </Filter>
  </ItemGroup>
</Project>
